
Microsoft Visual Studio Solution File, Format Version 12.00
# Visual Studio Version 16
VisualStudioVersion = 16.0.29230.47
MinimumVisualStudioVersion = 10.0.40219.1
Project("{FAE04EC0-301F-11D3-BF4B-00C04F79EFBC}") = "Press OK", "Press OK\Press OK.csproj", "{0BC1C0FE-C9F0-4DBD-B4A6-DE59DBB5E7D9}"
EndProject
Global
	GlobalSection(SolutionConfigurationPlatforms) = preSolution
		Debug|Any CPU = Debug|Any CPU
		Release|Any CPU = Release|Any CPU
	EndGlobalSection
	GlobalSection(ProjectConfigurationPlatforms) = postSolution
		{0BC1C0FE-C9F0-4DBD-B4A6-DE59DBB5E7D9}.Debug|Any CPU.ActiveCfg = Debug|Any CPU
		{0BC1C0FE-C9F0-4DBD-B4A6-DE59DBB5E7D9}.Debug|Any CPU.Build.0 = Debug|Any CPU
		{0BC1C0FE-C9F0-4DBD-B4A6-DE59DBB5E7D9}.Release|Any CPU.ActiveCfg = Release|Any CPU
		{0BC1C0FE-C9F0-4DBD-B4A6-DE59DBB5E7D9}.Release|Any CPU.Build.0 = Release|Any CPU
	EndGlobalSection
	GlobalSection(SolutionProperties) = preSolution
		HideSolutionNode = FALSE
	EndGlobalSection
	GlobalSection(ExtensibilityGlobals) = postSolution
		SolutionGuid = {3CB2AD9C-CE46-4B78-BFD7-ABEE1DB2DBDE}
	EndGlobalSection
EndGlobal
